// !$*UTF8*$!
{
	archiveVersion = 1;
	classes = {
	};
	objectVersion = 55;
	objects = {

/* Begin PBXBuildFile section */
		D590FE0628B42442002ACCA6 /* Keys.swift in Sources */ = {isa = PBXBuildFile; fileRef = D590FE0528B42442002ACCA6 /* Keys.swift */; };
		D590FE0828B6CA10002ACCA6 /* PlanetCollectionView.swift in Sources */ = {isa = PBXBuildFile; fileRef = D590FE0728B6CA10002ACCA6 /* PlanetCollectionView.swift */; };
		D590FE0B28B6CED2002ACCA6 /* PlanetCollectionViewModel.swift in Sources */ = {isa = PBXBuildFile; fileRef = D590FE0A28B6CED2002ACCA6 /* PlanetCollectionViewModel.swift */; };
		D5AC268728A56F6E00CEE78D /* AppDelegate.swift in Sources */ = {isa = PBXBuildFile; fileRef = D5AC268628A56F6E00CEE78D /* AppDelegate.swift */; };
		D5AC268928A56F6E00CEE78D /* art.scnassets in Resources */ = {isa = PBXBuildFile; fileRef = D5AC268828A56F6E00CEE78D /* art.scnassets */; };
		D5AC268B28A56F6E00CEE78D /* ViewController.swift in Sources */ = {isa = PBXBuildFile; fileRef = D5AC268A28A56F6E00CEE78D /* ViewController.swift */; };
		D5AC268E28A56F6E00CEE78D /* Main.storyboard in Resources */ = {isa = PBXBuildFile; fileRef = D5AC268C28A56F6E00CEE78D /* Main.storyboard */; };
		D5AC269028A56F7000CEE78D /* Assets.xcassets in Resources */ = {isa = PBXBuildFile; fileRef = D5AC268F28A56F7000CEE78D /* Assets.xcassets */; };
		D5AC269328A56F7000CEE78D /* LaunchScreen.storyboard in Resources */ = {isa = PBXBuildFile; fileRef = D5AC269128A56F7000CEE78D /* LaunchScreen.storyboard */; };
		D5AC269D28A70BC700CEE78D /* Planets.swift in Sources */ = {isa = PBXBuildFile; fileRef = D5AC269C28A70BC700CEE78D /* Planets.swift */; };
		D5AC269F28A720D900CEE78D /* PlanetCollectionViewController.swift in Sources */ = {isa = PBXBuildFile; fileRef = D5AC269E28A720D900CEE78D /* PlanetCollectionViewController.swift */; };
		D5AC26C028B0147A00CEE78D /* PlanetCollectionViewCell.swift in Sources */ = {isa = PBXBuildFile; fileRef = D5AC26BF28B0147A00CEE78D /* PlanetCollectionViewCell.swift */; };
/* End PBXBuildFile section */

/* Begin PBXFileReference section */
		D590FE0528B42442002ACCA6 /* Keys.swift */ = {isa = PBXFileReference; lastKnownFileType = sourcecode.swift; path = Keys.swift; sourceTree = "<group>"; };
		D590FE0728B6CA10002ACCA6 /* PlanetCollectionView.swift */ = {isa = PBXFileReference; lastKnownFileType = sourcecode.swift; path = PlanetCollectionView.swift; sourceTree = "<group>"; };
		D590FE0A28B6CED2002ACCA6 /* PlanetCollectionViewModel.swift */ = {isa = PBXFileReference; lastKnownFileType = sourcecode.swift; path = PlanetCollectionViewModel.swift; sourceTree = "<group>"; };
		D5AC268328A56F6E00CEE78D /* ARDice.app */ = {isa = PBXFileReference; explicitFileType = wrapper.application; includeInIndex = 0; path = ARDice.app; sourceTree = BUILT_PRODUCTS_DIR; };
		D5AC268628A56F6E00CEE78D /* AppDelegate.swift */ = {isa = PBXFileReference; lastKnownFileType = sourcecode.swift; path = AppDelegate.swift; sourceTree = "<group>"; };
		D5AC268828A56F6E00CEE78D /* art.scnassets */ = {isa = PBXFileReference; lastKnownFileType = wrapper.scnassets; path = art.scnassets; sourceTree = "<group>"; };
		D5AC268A28A56F6E00CEE78D /* ViewController.swift */ = {isa = PBXFileReference; lastKnownFileType = sourcecode.swift; path = ViewController.swift; sourceTree = "<group>"; };
		D5AC268D28A56F6E00CEE78D /* Base */ = {isa = PBXFileReference; lastKnownFileType = file.storyboard; name = Base; path = Base.lproj/Main.storyboard; sourceTree = "<group>"; };
		D5AC268F28A56F7000CEE78D /* Assets.xcassets */ = {isa = PBXFileReference; lastKnownFileType = folder.assetcatalog; path = Assets.xcassets; sourceTree = "<group>"; };
		D5AC269228A56F7000CEE78D /* Base */ = {isa = PBXFileReference; lastKnownFileType = file.storyboard; name = Base; path = Base.lproj/LaunchScreen.storyboard; sourceTree = "<group>"; };
		D5AC269C28A70BC700CEE78D /* Planets.swift */ = {isa = PBXFileReference; lastKnownFileType = sourcecode.swift; path = Planets.swift; sourceTree = "<group>"; };
		D5AC269E28A720D900CEE78D /* PlanetCollectionViewController.swift */ = {isa = PBXFileReference; lastKnownFileType = sourcecode.swift; path = PlanetCollectionViewController.swift; sourceTree = "<group>"; };
		D5AC26BF28B0147A00CEE78D /* PlanetCollectionViewCell.swift */ = {isa = PBXFileReference; lastKnownFileType = sourcecode.swift; path = PlanetCollectionViewCell.swift; sourceTree = "<group>"; };
/* End PBXFileReference section */

/* Begin PBXFrameworksBuildPhase section */
		D5AC268028A56F6E00CEE78D /* Frameworks */ = {
			isa = PBXFrameworksBuildPhase;
			buildActionMask = 2147483647;
			files = (
			);
			runOnlyForDeploymentPostprocessing = 0;
		};
/* End PBXFrameworksBuildPhase section */

/* Begin PBXGroup section */
		D590FE0928B6CEBF002ACCA6 /* ViewModels */ = {
			isa = PBXGroup;
			children = (
				D590FE0A28B6CED2002ACCA6 /* PlanetCollectionViewModel.swift */,
			);
			path = ViewModels;
			sourceTree = "<group>";
		};
		D5AC267A28A56F6E00CEE78D = {
			isa = PBXGroup;
			children = (
				D5AC268528A56F6E00CEE78D /* ARPlanets */,
				D5AC268428A56F6E00CEE78D /* Products */,
			);
			sourceTree = "<group>";
		};
		D5AC268428A56F6E00CEE78D /* Products */ = {
			isa = PBXGroup;
			children = (
				D5AC268328A56F6E00CEE78D /* ARDice.app */,
			);
			name = Products;
			sourceTree = "<group>";
		};
		D5AC268528A56F6E00CEE78D /* ARPlanets */ = {
			isa = PBXGroup;
			children = (
				D590FE0928B6CEBF002ACCA6 /* ViewModels */,
				D5AC268628A56F6E00CEE78D /* AppDelegate.swift */,
				D5AC269B28A70BB900CEE78D /* Model */,
				D5AC269928A70BA600CEE78D /* Controllers */,
				D5AC269A28A70BB100CEE78D /* Views */,
				D5AC268828A56F6E00CEE78D /* art.scnassets */,
				D5AC268F28A56F7000CEE78D /* Assets.xcassets */,
				D5AC269128A56F7000CEE78D /* LaunchScreen.storyboard */,
			);
			path = ARPlanets;
			sourceTree = "<group>";
		};
		D5AC269928A70BA600CEE78D /* Controllers */ = {
			isa = PBXGroup;
			children = (
				D5AC26BF28B0147A00CEE78D /* PlanetCollectionViewCell.swift */,
				D5AC268A28A56F6E00CEE78D /* ViewController.swift */,
				D5AC269E28A720D900CEE78D /* PlanetCollectionViewController.swift */,
			);
			path = Controllers;
			sourceTree = "<group>";
		};
		D5AC269A28A70BB100CEE78D /* Views */ = {
			isa = PBXGroup;
			children = (
				D5AC268C28A56F6E00CEE78D /* Main.storyboard */,
				D590FE0728B6CA10002ACCA6 /* PlanetCollectionView.swift */,
			);
			path = Views;
			sourceTree = "<group>";
		};
		D5AC269B28A70BB900CEE78D /* Model */ = {
			isa = PBXGroup;
			children = (
				D5AC269C28A70BC700CEE78D /* Planets.swift */,
				D590FE0528B42442002ACCA6 /* Keys.swift */,
			);
			path = Model;
			sourceTree = "<group>";
		};
/* End PBXGroup section */

/* Begin PBXNativeTarget section */
		D5AC268228A56F6E00CEE78D /* ARDice */ = {
			isa = PBXNativeTarget;
			buildConfigurationList = D5AC269628A56F7000CEE78D /* Build configuration list for PBXNativeTarget "ARDice" */;
			buildPhases = (
				D5AC267F28A56F6E00CEE78D /* Sources */,
				D5AC268028A56F6E00CEE78D /* Frameworks */,
				D5AC268128A56F6E00CEE78D /* Resources */,
			);
			buildRules = (
			);
			dependencies = (
			);
			name = ARDice;
			productName = ARDice;
			productReference = D5AC268328A56F6E00CEE78D /* ARDice.app */;
			productType = "com.apple.product-type.application";
		};
/* End PBXNativeTarget section */

/* Begin PBXProject section */
		D5AC267B28A56F6E00CEE78D /* Project object */ = {
			isa = PBXProject;
			attributes = {
				BuildIndependentTargetsInParallel = 1;
				LastSwiftUpdateCheck = 1340;
				LastUpgradeCheck = 1340;
				TargetAttributes = {
					D5AC268228A56F6E00CEE78D = {
						CreatedOnToolsVersion = 13.4.1;
					};
				};
			};
			buildConfigurationList = D5AC267E28A56F6E00CEE78D /* Build configuration list for PBXProject "ARPlanets" */;
			compatibilityVersion = "Xcode 13.0";
			developmentRegion = en;
			hasScannedForEncodings = 0;
			knownRegions = (
				en,
				Base,
			);
			mainGroup = D5AC267A28A56F6E00CEE78D;
			productRefGroup = D5AC268428A56F6E00CEE78D /* Products */;
			projectDirPath = "";
			projectRoot = "";
			targets = (
				D5AC268228A56F6E00CEE78D /* ARDice */,
			);
		};
/* End PBXProject section */

/* Begin PBXResourcesBuildPhase section */
		D5AC268128A56F6E00CEE78D /* Resources */ = {
			isa = PBXResourcesBuildPhase;
			buildActionMask = 2147483647;
			files = (
				D5AC268928A56F6E00CEE78D /* art.scnassets in Resources */,
				D5AC269328A56F7000CEE78D /* LaunchScreen.storyboard in Resources */,
				D5AC269028A56F7000CEE78D /* Assets.xcassets in Resources */,
				D5AC268E28A56F6E00CEE78D /* Main.storyboard in Resources */,
			);
			runOnlyForDeploymentPostprocessing = 0;
		};
/* End PBXResourcesBuildPhase section */

/* Begin PBXSourcesBuildPhase section */
		D5AC267F28A56F6E00CEE78D /* Sources */ = {
			isa = PBXSourcesBuildPhase;
			buildActionMask = 2147483647;
			files = (
				D5AC268B28A56F6E00CEE78D /* ViewController.swift in Sources */,
				D590FE0628B42442002ACCA6 /* Keys.swift in Sources */,
				D5AC268728A56F6E00CEE78D /* AppDelegate.swift in Sources */,
				D5AC26C028B0147A00CEE78D /* PlanetCollectionViewCell.swift in Sources */,
				D5AC269F28A720D900CEE78D /* PlanetCollectionViewController.swift in Sources */,
				D5AC269D28A70BC700CEE78D /* Planets.swift in Sources */,
				D590FE0B28B6CED2002ACCA6 /* PlanetCollectionViewModel.swift in Sources */,
				D590FE0828B6CA10002ACCA6 /* PlanetCollectionView.swift in Sources */,
			);
			runOnlyForDeploymentPostprocessing = 0;
		};
/* End PBXSourcesBuildPhase section */

/* Begin PBXVariantGroup section */
		D5AC268C28A56F6E00CEE78D /* Main.storyboard */ = {
			isa = PBXVariantGroup;
			children = (
				D5AC268D28A56F6E00CEE78D /* Base */,
			);
			name = Main.storyboard;
			sourceTree = "<group>";
		};
		D5AC269128A56F7000CEE78D /* LaunchScreen.storyboard */ = {
			isa = PBXVariantGroup;
			children = (
				D5AC269228A56F7000CEE78D /* Base */,
			);
			name = LaunchScreen.storyboard;
			sourceTree = "<group>";
		};
/* End PBXVariantGroup section */

/* Begin XCBuildConfiguration section */
		D5AC269428A56F7000CEE78D /* Debug */ = {
			isa = XCBuildConfiguration;
			buildSettings = {
				ALWAYS_SEARCH_USER_PATHS = NO;
				CLANG_ANALYZER_NONNULL = YES;
				CLANG_ANALYZER_NUMBER_OBJECT_CONVERSION = YES_AGGRESSIVE;
				CLANG_CXX_LANGUAGE_STANDARD = "gnu++17";
				CLANG_ENABLE_MODULES = YES;
				CLANG_ENABLE_OBJC_ARC = YES;
				CLANG_ENABLE_OBJC_WEAK = YES;
				CLANG_WARN_BLOCK_CAPTURE_AUTORELEASING = YES;
				CLANG_WARN_BOOL_CONVERSION = YES;
				CLANG_WARN_COMMA = YES;
				CLANG_WARN_CONSTANT_CONVERSION = YES;
				CLANG_WARN_DEPRECATED_OBJC_IMPLEMENTATIONS = YES;
				CLANG_WARN_DIRECT_OBJC_ISA_USAGE = YES_ERROR;
				CLANG_WARN_DOCUMENTATION_COMMENTS = YES;
				CLANG_WARN_EMPTY_BODY = YES;
				CLANG_WARN_ENUM_CONVERSION = YES;
				CLANG_WARN_INFINITE_RECURSION = YES;
				CLANG_WARN_INT_CONVERSION = YES;
				CLANG_WARN_NON_LITERAL_NULL_CONVERSION = YES;
				CLANG_WARN_OBJC_IMPLICIT_RETAIN_SELF = YES;
				CLANG_WARN_OBJC_LITERAL_CONVERSION = YES;
				CLANG_WARN_OBJC_ROOT_CLASS = YES_ERROR;
				CLANG_WARN_QUOTED_INCLUDE_IN_FRAMEWORK_HEADER = YES;
				CLANG_WARN_RANGE_LOOP_ANALYSIS = YES;
				CLANG_WARN_STRICT_PROTOTYPES = YES;
				CLANG_WARN_SUSPICIOUS_MOVE = YES;
				CLANG_WARN_UNGUARDED_AVAILABILITY = YES_AGGRESSIVE;
				CLANG_WARN_UNREACHABLE_CODE = YES;
				CLANG_WARN__DUPLICATE_METHOD_MATCH = YES;
				COPY_PHASE_STRIP = NO;
				DEBUG_INFORMATION_FORMAT = dwarf;
				ENABLE_STRICT_OBJC_MSGSEND = YES;
				ENABLE_TESTABILITY = YES;
				GCC_C_LANGUAGE_STANDARD = gnu11;
				GCC_DYNAMIC_NO_PIC = NO;
				GCC_NO_COMMON_BLOCKS = YES;
				GCC_OPTIMIZATION_LEVEL = 0;
				GCC_PREPROCESSOR_DEFINITIONS = (
					"DEBUG=1",
					"$(inherited)",
				);
				GCC_WARN_64_TO_32_BIT_CONVERSION = YES;
				GCC_WARN_ABOUT_RETURN_TYPE = YES_ERROR;
				GCC_WARN_UNDECLARED_SELECTOR = YES;
				GCC_WARN_UNINITIALIZED_AUTOS = YES_AGGRESSIVE;
				GCC_WARN_UNUSED_FUNCTION = YES;
				GCC_WARN_UNUSED_VARIABLE = YES;
				IPHONEOS_DEPLOYMENT_TARGET = 15.5;
				MTL_ENABLE_DEBUG_INFO = INCLUDE_SOURCE;
				MTL_FAST_MATH = YES;
				ONLY_ACTIVE_ARCH = YES;
				SDKROOT = iphoneos;
				SWIFT_ACTIVE_COMPILATION_CONDITIONS = DEBUG;
				SWIFT_OPTIMIZATION_LEVEL = "-Onone";
			};
			name = Debug;
		};
		D5AC269528A56F7000CEE78D /* Release */ = {
			isa = XCBuildConfiguration;
			buildSettings = {
				ALWAYS_SEARCH_USER_PATHS = NO;
				CLANG_ANALYZER_NONNULL = YES;
				CLANG_ANALYZER_NUMBER_OBJECT_CONVERSION = YES_AGGRESSIVE;
				CLANG_CXX_LANGUAGE_STANDARD = "gnu++17";
				CLANG_ENABLE_MODULES = YES;
				CLANG_ENABLE_OBJC_ARC = YES;
				CLANG_ENABLE_OBJC_WEAK = YES;
				CLANG_WARN_BLOCK_CAPTURE_AUTORELEASING = YES;
				CLANG_WARN_BOOL_CONVERSION = YES;
				CLANG_WARN_COMMA = YES;
				CLANG_WARN_CONSTANT_CONVERSION = YES;
				CLANG_WARN_DEPRECATED_OBJC_IMPLEMENTATIONS = YES;
				CLANG_WARN_DIRECT_OBJC_ISA_USAGE = YES_ERROR;
				CLANG_WARN_DOCUMENTATION_COMMENTS = YES;
				CLANG_WARN_EMPTY_BODY = YES;
				CLANG_WARN_ENUM_CONVERSION = YES;
				CLANG_WARN_INFINITE_RECURSION = YES;
				CLANG_WARN_INT_CONVERSION = YES;
				CLANG_WARN_NON_LITERAL_NULL_CONVERSION = YES;
				CLANG_WARN_OBJC_IMPLICIT_RETAIN_SELF = YES;
				CLANG_WARN_OBJC_LITERAL_CONVERSION = YES;
				CLANG_WARN_OBJC_ROOT_CLASS = YES_ERROR;
				CLANG_WARN_QUOTED_INCLUDE_IN_FRAMEWORK_HEADER = YES;
				CLANG_WARN_RANGE_LOOP_ANALYSIS = YES;
				CLANG_WARN_STRICT_PROTOTYPES = YES;
				CLANG_WARN_SUSPICIOUS_MOVE = YES;
				CLANG_WARN_UNGUARDED_AVAILABILITY = YES_AGGRESSIVE;
				CLANG_WARN_UNREACHABLE_CODE = YES;
				CLANG_WARN__DUPLICATE_METHOD_MATCH = YES;
				COPY_PHASE_STRIP = NO;
				DEBUG_INFORMATION_FORMAT = "dwarf-with-dsym";
				ENABLE_NS_ASSERTIONS = NO;
				ENABLE_STRICT_OBJC_MSGSEND = YES;
				GCC_C_LANGUAGE_STANDARD = gnu11;
				GCC_NO_COMMON_BLOCKS = YES;
				GCC_WARN_64_TO_32_BIT_CONVERSION = YES;
				GCC_WARN_ABOUT_RETURN_TYPE = YES_ERROR;
				GCC_WARN_UNDECLARED_SELECTOR = YES;
				GCC_WARN_UNINITIALIZED_AUTOS = YES_AGGRESSIVE;
				GCC_WARN_UNUSED_FUNCTION = YES;
				GCC_WARN_UNUSED_VARIABLE = YES;
				IPHONEOS_DEPLOYMENT_TARGET = 15.5;
				MTL_ENABLE_DEBUG_INFO = NO;
				MTL_FAST_MATH = YES;
				SDKROOT = iphoneos;
				SWIFT_COMPILATION_MODE = wholemodule;
				SWIFT_OPTIMIZATION_LEVEL = "-O";
				VALIDATE_PRODUCT = YES;
			};
			name = Release;
		};
		D5AC269728A56F7000CEE78D /* Debug */ = {
			isa = XCBuildConfiguration;
			buildSettings = {
				ASSETCATALOG_COMPILER_APPICON_NAME = AppIcon;
				ASSETCATALOG_COMPILER_GLOBAL_ACCENT_COLOR_NAME = AccentColor;
				CODE_SIGN_STYLE = Automatic;
				CURRENT_PROJECT_VERSION = 1;
				DEVELOPMENT_TEAM = SCSMQV833T;
				GENERATE_INFOPLIST_FILE = YES;
				INFOPLIST_KEY_NSCameraUsageDescription = "";
				INFOPLIST_KEY_UIApplicationSupportsIndirectInputEvents = YES;
				INFOPLIST_KEY_UILaunchStoryboardName = LaunchScreen;
				INFOPLIST_KEY_UIMainStoryboardFile = Main;
				INFOPLIST_KEY_UIRequiredDeviceCapabilities = arkit;
				INFOPLIST_KEY_UIStatusBarHidden = YES;
				INFOPLIST_KEY_UISupportedInterfaceOrientations_iPad = "UIInterfaceOrientationPortrait UIInterfaceOrientationPortraitUpsideDown UIInterfaceOrientationLandscapeLeft UIInterfaceOrientationLandscapeRight";
				INFOPLIST_KEY_UISupportedInterfaceOrientations_iPhone = "UIInterfaceOrientationPortrait UIInterfaceOrientationLandscapeLeft UIInterfaceOrientationLandscapeRight";
				LD_RUNPATH_SEARCH_PATHS = (
					"$(inherited)",
					"@executable_path/Frameworks",
				);
				MARKETING_VERSION = 1.0;
				PRODUCT_BUNDLE_IDENTIFIER = com.shahbaz.ARDice;
				PRODUCT_NAME = "$(TARGET_NAME)";
				SWIFT_EMIT_LOC_STRINGS = YES;
				SWIFT_VERSION = 5.0;
				TARGETED_DEVICE_FAMILY = "1,2";
			};
			name = Debug;
		};
		D5AC269828A56F7000CEE78D /* Release */ = {
			isa = XCBuildConfiguration;
			buildSettings = {
				ASSETCATALOG_COMPILER_APPICON_NAME = AppIcon;
				ASSETCATALOG_COMPILER_GLOBAL_ACCENT_COLOR_NAME = AccentColor;
				CODE_SIGN_STYLE = Automatic;
				CURRENT_PROJECT_VERSION = 1;
				DEVELOPMENT_TEAM = SCSMQV833T;
				GENERATE_INFOPLIST_FILE = YES;
				INFOPLIST_KEY_NSCameraUsageDescription = "";
				INFOPLIST_KEY_UIApplicationSupportsIndirectInputEvents = YES;
				INFOPLIST_KEY_UILaunchStoryboardName = LaunchScreen;
				INFOPLIST_KEY_UIMainStoryboardFile = Main;
				INFOPLIST_KEY_UIRequiredDeviceCapabilities = arkit;
				INFOPLIST_KEY_UIStatusBarHidden = YES;
				INFOPLIST_KEY_UISupportedInterfaceOrientations_iPad = "UIInterfaceOrientationPortrait UIInterfaceOrientationPortraitUpsideDown UIInterfaceOrientationLandscapeLeft UIInterfaceOrientationLandscapeRight";
				INFOPLIST_KEY_UISupportedInterfaceOrientations_iPhone = "UIInterfaceOrientationPortrait UIInterfaceOrientationLandscapeLeft UIInterfaceOrientationLandscapeRight";
				LD_RUNPATH_SEARCH_PATHS = (
					"$(inherited)",
					"@executable_path/Frameworks",
				);
				MARKETING_VERSION = 1.0;
				PRODUCT_BUNDLE_IDENTIFIER = com.shahbaz.ARDice;
				PRODUCT_NAME = "$(TARGET_NAME)";
				SWIFT_EMIT_LOC_STRINGS = YES;
				SWIFT_VERSION = 5.0;
				TARGETED_DEVICE_FAMILY = "1,2";
			};
			name = Release;
		};
/* End XCBuildConfiguration section */

/* Begin XCConfigurationList section */
		D5AC267E28A56F6E00CEE78D /* Build configuration list for PBXProject "ARPlanets" */ = {
			isa = XCConfigurationList;
			buildConfigurations = (
				D5AC269428A56F7000CEE78D /* Debug */,
				D5AC269528A56F7000CEE78D /* Release */,
			);
			defaultConfigurationIsVisible = 0;
			defaultConfigurationName = Release;
		};
		D5AC269628A56F7000CEE78D /* Build configuration list for PBXNativeTarget "ARDice" */ = {
			isa = XCConfigurationList;
			buildConfigurations = (
				D5AC269728A56F7000CEE78D /* Debug */,
				D5AC269828A56F7000CEE78D /* Release */,
			);
			defaultConfigurationIsVisible = 0;
			defaultConfigurationName = Release;
		};
/* End XCConfigurationList section */
	};
	rootObject = D5AC267B28A56F6E00CEE78D /* Project object */;
}
